
Microsoft Visual Studio Solution File, Format Version 12.00
# Visual Studio 15
VisualStudioVersion = 15.0.28307.1831
MinimumVisualStudioVersion = 10.0.40219.1
Project("{FAE04EC0-301F-11D3-BF4B-00C04F79EFBC}") = "github", "github\github.csproj", "{978C32DD-3906-49D1-9C17-F3342F776CE6}"
EndProject
Global
	GlobalSection(SolutionConfigurationPlatforms) = preSolution
		Debug|Any CPU = Debug|Any CPU
		Release|Any CPU = Release|Any CPU
	EndGlobalSection
	GlobalSection(ProjectConfigurationPlatforms) = postSolution
		{978C32DD-3906-49D1-9C17-F3342F776CE6}.Debug|Any CPU.ActiveCfg = Debug|Any CPU
		{978C32DD-3906-49D1-9C17-F3342F776CE6}.Debug|Any CPU.Build.0 = Debug|Any CPU
		{978C32DD-3906-49D1-9C17-F3342F776CE6}.Release|Any CPU.ActiveCfg = Release|Any CPU
		{978C32DD-3906-49D1-9C17-F3342F776CE6}.Release|Any CPU.Build.0 = Release|Any CPU
	EndGlobalSection
	GlobalSection(SolutionProperties) = preSolution
		HideSolutionNode = FALSE
	EndGlobalSection
	GlobalSection(ExtensibilityGlobals) = postSolution
		SolutionGuid = {229D6E85-4289-49AD-9E07-AB5C442A0AB2}
	EndGlobalSection
EndGlobal
